
Microsoft Visual Studio Solution File, Format Version 12.00
# Visual Studio Version 17
VisualStudioVersion = 17.14.36518.9
MinimumVisualStudioVersion = 10.0.40219.1
Project("{FAE04EC0-301F-11D3-BF4B-00C04F79EFBC}") = "GestionPedidos.UI", "GestionPedidos.UI\GestionPedidos.UI.csproj", "{1E39F130-831F-4675-BEF0-F5284FBE91EB}"
EndProject
Project("{FAE04EC0-301F-11D3-BF4B-00C04F79EFBC}") = "GestionPedidos.DataAccess", "GestionPedidos.DataAccess\GestionPedidos.DataAccess.csproj", "{0FFD0E22-6122-40EE-9BAF-16EB13F95199}"
EndProject
Project("{FAE04EC0-301F-11D3-BF4B-00C04F79EFBC}") = "GestionPedidos.Models", "GestionPedidos.Models\GestionPedidos.Models.csproj", "{1C606637-F3EA-46ED-B45E-275145DC16A0}"
EndProject
Project("{FAE04EC0-301F-11D3-BF4B-00C04F79EFBC}") = "GestionPedidos.Controllers", "GestionPedidos.Controllers\GestionPedidos.Controllers.csproj", "{553C3B00-B2D7-4AB8-BADE-4F175091BBF9}"
EndProject
Project("{FAE04EC0-301F-11D3-BF4B-00C04F79EFBC}") = "GestionPedidos.Common", "GestionPedidos.Common\GestionPedidos.Common.csproj", "{83561BD6-2225-412B-A468-63F679F01724}"
EndProject
Global
	GlobalSection(SolutionConfigurationPlatforms) = preSolution
		Debug|Any CPU = Debug|Any CPU
		Release|Any CPU = Release|Any CPU
	EndGlobalSection
	GlobalSection(ProjectConfigurationPlatforms) = postSolution
		{1E39F130-831F-4675-BEF0-F5284FBE91EB}.Debug|Any CPU.ActiveCfg = Debug|Any CPU
		{1E39F130-831F-4675-BEF0-F5284FBE91EB}.Debug|Any CPU.Build.0 = Debug|Any CPU
		{1E39F130-831F-4675-BEF0-F5284FBE91EB}.Release|Any CPU.ActiveCfg = Release|Any CPU
		{1E39F130-831F-4675-BEF0-F5284FBE91EB}.Release|Any CPU.Build.0 = Release|Any CPU
		{0FFD0E22-6122-40EE-9BAF-16EB13F95199}.Debug|Any CPU.ActiveCfg = Debug|Any CPU
		{0FFD0E22-6122-40EE-9BAF-16EB13F95199}.Debug|Any CPU.Build.0 = Debug|Any CPU
		{0FFD0E22-6122-40EE-9BAF-16EB13F95199}.Release|Any CPU.ActiveCfg = Release|Any CPU
		{0FFD0E22-6122-40EE-9BAF-16EB13F95199}.Release|Any CPU.Build.0 = Release|Any CPU
		{1C606637-F3EA-46ED-B45E-275145DC16A0}.Debug|Any CPU.ActiveCfg = Debug|Any CPU
		{1C606637-F3EA-46ED-B45E-275145DC16A0}.Debug|Any CPU.Build.0 = Debug|Any CPU
		{1C606637-F3EA-46ED-B45E-275145DC16A0}.Release|Any CPU.ActiveCfg = Release|Any CPU
		{1C606637-F3EA-46ED-B45E-275145DC16A0}.Release|Any CPU.Build.0 = Release|Any CPU
		{553C3B00-B2D7-4AB8-BADE-4F175091BBF9}.Debug|Any CPU.ActiveCfg = Debug|Any CPU
		{553C3B00-B2D7-4AB8-BADE-4F175091BBF9}.Debug|Any CPU.Build.0 = Debug|Any CPU
		{553C3B00-B2D7-4AB8-BADE-4F175091BBF9}.Release|Any CPU.ActiveCfg = Release|Any CPU
		{553C3B00-B2D7-4AB8-BADE-4F175091BBF9}.Release|Any CPU.Build.0 = Release|Any CPU
		{83561BD6-2225-412B-A468-63F679F01724}.Debug|Any CPU.ActiveCfg = Debug|Any CPU
		{83561BD6-2225-412B-A468-63F679F01724}.Debug|Any CPU.Build.0 = Debug|Any CPU
		{83561BD6-2225-412B-A468-63F679F01724}.Release|Any CPU.ActiveCfg = Release|Any CPU
		{83561BD6-2225-412B-A468-63F679F01724}.Release|Any CPU.Build.0 = Release|Any CPU
	EndGlobalSection
	GlobalSection(SolutionProperties) = preSolution
		HideSolutionNode = FALSE
	EndGlobalSection
	GlobalSection(ExtensibilityGlobals) = postSolution
		SolutionGuid = {6A997DCE-C455-4F97-A15D-23D0163D4F9A}
	EndGlobalSection
EndGlobal
